
Microsoft Visual Studio Solution File, Format Version 12.00
# Visual Studio Version 17
VisualStudioVersion = 17.1.32328.378
MinimumVisualStudioVersion = 10.0.40219.1
Project("{FAE04EC0-301F-11D3-BF4B-00C04F79EFBC}") = "Day1Lab", "Day1Lab.csproj", "{B2461A52-C2E4-4225-A4E8-0CE14B17186C}"
EndProject
Global
	GlobalSection(SolutionConfigurationPlatforms) = preSolution
		Debug|Any CPU = Debug|Any CPU
		Release|Any CPU = Release|Any CPU
	EndGlobalSection
	GlobalSection(ProjectConfigurationPlatforms) = postSolution
		{B2461A52-C2E4-4225-A4E8-0CE14B17186C}.Debug|Any CPU.ActiveCfg = Debug|Any CPU
		{B2461A52-C2E4-4225-A4E8-0CE14B17186C}.Debug|Any CPU.Build.0 = Debug|Any CPU
		{B2461A52-C2E4-4225-A4E8-0CE14B17186C}.Release|Any CPU.ActiveCfg = Release|Any CPU
		{B2461A52-C2E4-4225-A4E8-0CE14B17186C}.Release|Any CPU.Build.0 = Release|Any CPU
	EndGlobalSection
	GlobalSection(SolutionProperties) = preSolution
		HideSolutionNode = FALSE
	EndGlobalSection
	GlobalSection(ExtensibilityGlobals) = postSolution
		SolutionGuid = {68E43419-3B3A-4D7C-A473-F49D2EFD54F7}
	EndGlobalSection
EndGlobal
